// !$*UTF8*$!
{
	archiveVersion = 1;
	classes = {
	};
	objectVersion = 51;
	objects = {

/* Begin PBXBuildFile section */
		86323370D6A5A8D6319F5B57 /* Pods_cpaCheckerUITests.framework in Frameworks */ = {isa = PBXBuildFile; fileRef = 54DBB4B21E5253318EF0464A /* Pods_cpaCheckerUITests.framework */; };
		87CAE00AAEFC20C63774ADCD /* Pods_cpaChecker.framework in Frameworks */ = {isa = PBXBuildFile; fileRef = 208C3457246EE60ED9939923 /* Pods_cpaChecker.framework */; };
		E2018CD2229DBFE700973C97 /* AppDelegate.swift in Sources */ = {isa = PBXBuildFile; fileRef = E2018CD1229DBFE700973C97 /* AppDelegate.swift */; };
		E2018CD4229DBFE700973C97 /* InstructionsVC.swift in Sources */ = {isa = PBXBuildFile; fileRef = E2018CD3229DBFE700973C97 /* InstructionsVC.swift */; };
		E2018CD6229DBFE700973C97 /* ClassListSelectionVC.swift in Sources */ = {isa = PBXBuildFile; fileRef = E2018CD5229DBFE700973C97 /* ClassListSelectionVC.swift */; };
		E2018CD9229DBFE700973C97 /* Main.storyboard in Resources */ = {isa = PBXBuildFile; fileRef = E2018CD7229DBFE700973C97 /* Main.storyboard */; };
		E2018CDB229DBFEA00973C97 /* Assets.xcassets in Resources */ = {isa = PBXBuildFile; fileRef = E2018CDA229DBFEA00973C97 /* Assets.xcassets */; };
		E2018CDE229DBFEA00973C97 /* LaunchScreen.storyboard in Resources */ = {isa = PBXBuildFile; fileRef = E2018CDC229DBFEA00973C97 /* LaunchScreen.storyboard */; };
		E2018CE9229DBFEA00973C97 /* cpaCheckerTests.swift in Sources */ = {isa = PBXBuildFile; fileRef = E2018CE8229DBFEA00973C97 /* cpaCheckerTests.swift */; };
		E2018CF4229DBFEA00973C97 /* cpaCheckerUITests.swift in Sources */ = {isa = PBXBuildFile; fileRef = E2018CF3229DBFEA00973C97 /* cpaCheckerUITests.swift */; };
		E2018D03229DC1A800973C97 /* Class.swift in Sources */ = {isa = PBXBuildFile; fileRef = E2018D02229DC1A800973C97 /* Class.swift */; };
		E2018D06229E247200973C97 /* ClassCell.swift in Sources */ = {isa = PBXBuildFile; fileRef = E2018D05229E247200973C97 /* ClassCell.swift */; };
		E2018D09229E2D5200973C97 /* ClassDetailVC.swift in Sources */ = {isa = PBXBuildFile; fileRef = E2018D08229E2D5200973C97 /* ClassDetailVC.swift */; };
		E207C87222AB6E3300BFDA24 /* RealmNewClass.swift in Sources */ = {isa = PBXBuildFile; fileRef = E207C87122AB6E3300BFDA24 /* RealmNewClass.swift */; };
		E207C87622AB825700BFDA24 /* SharedAllClasses.swift in Sources */ = {isa = PBXBuildFile; fileRef = E207C87522AB825700BFDA24 /* SharedAllClasses.swift */; };
		E20D1D0E22B1C69300B1AE68 /* PopUpVC.swift in Sources */ = {isa = PBXBuildFile; fileRef = E20D1D0D22B1C69300B1AE68 /* PopUpVC.swift */; };
		E21066A322E4329200D28D17 /* SelectedStatusCell.swift in Sources */ = {isa = PBXBuildFile; fileRef = E21066A222E4329200D28D17 /* SelectedStatusCell.swift */; };
		E21066A522E4362400D28D17 /* Bool-Extension.swift in Sources */ = {isa = PBXBuildFile; fileRef = E21066A422E4362400D28D17 /* Bool-Extension.swift */; };
		E2161FFB22F5F6430074A0DF /* UIViewController-Extension.swift in Sources */ = {isa = PBXBuildFile; fileRef = E2161FFA22F5F6430074A0DF /* UIViewController-Extension.swift */; };
		E2198A5B22A0B0F100B9D42F /* UnitEntryVC.swift in Sources */ = {isa = PBXBuildFile; fileRef = E2198A5A22A0B0F100B9D42F /* UnitEntryVC.swift */; };
		E2198A5D22A1B36000B9D42F /* StatusVC.swift in Sources */ = {isa = PBXBuildFile; fileRef = E2198A5C22A1B36000B9D42F /* StatusVC.swift */; };
		E2198A5F22A1BBAB00B9D42F /* RealmClass.swift in Sources */ = {isa = PBXBuildFile; fileRef = E2198A5E22A1BBAB00B9D42F /* RealmClass.swift */; };
		E21B1DF022E02E00007688B3 /* String-Extension.swift in Sources */ = {isa = PBXBuildFile; fileRef = E21B1DEF22E02E00007688B3 /* String-Extension.swift */; };
		E21B1DF322E02E42007688B3 /* UILabel.UIButton-Extension.swift in Sources */ = {isa = PBXBuildFile; fileRef = E21B1DF222E02E42007688B3 /* UILabel.UIButton-Extension.swift */; };
		E21B1DF522E17A2A007688B3 /* UITextField-Extension.swift in Sources */ = {isa = PBXBuildFile; fileRef = E21B1DF422E17A2A007688B3 /* UITextField-Extension.swift */; };
		E21B1DF722E17F06007688B3 /* UIStackView-Extension.swift in Sources */ = {isa = PBXBuildFile; fileRef = E21B1DF622E17F06007688B3 /* UIStackView-Extension.swift */; };
		E21B1DF922E18971007688B3 /* Messages.swift in Sources */ = {isa = PBXBuildFile; fileRef = E21B1DF822E18971007688B3 /* Messages.swift */; };
		E21B1DFB22E2BDFE007688B3 /* View-Extension.swift in Sources */ = {isa = PBXBuildFile; fileRef = E21B1DFA22E2BDFE007688B3 /* View-Extension.swift */; };
		E22AD16622EF7E4000CD6E44 /* StatusPopUpVC.swift in Sources */ = {isa = PBXBuildFile; fileRef = E22AD16522EF7E4000CD6E44 /* StatusPopUpVC.swift */; };
		E22B3D9C22A251B3009DEF96 /* RealmUnits.swift in Sources */ = {isa = PBXBuildFile; fileRef = E22B3D9B22A251B3009DEF96 /* RealmUnits.swift */; };
		E22B3E1A22A496A7009DEF96 /* Result.swift in Sources */ = {isa = PBXBuildFile; fileRef = E22B3E1922A496A7009DEF96 /* Result.swift */; };
		E22B3E5822A63C87009DEF96 /* StatusCell.swift in Sources */ = {isa = PBXBuildFile; fileRef = E22B3E5722A63C87009DEF96 /* StatusCell.swift */; };
		E2508B2222C824D40092C978 /* cpa.db in Resources */ = {isa = PBXBuildFile; fileRef = E2508B2122C824D40092C978 /* cpa.db */; };
		E2508B2622CA94720092C978 /* HelpVC.swift in Sources */ = {isa = PBXBuildFile; fileRef = E2508B2522CA94720092C978 /* HelpVC.swift */; };
		E29CDEB522AF0EF500CD8DCE /* Colors.swift in Sources */ = {isa = PBXBuildFile; fileRef = E29CDEB422AF0EF500CD8DCE /* Colors.swift */; };
		E2AEB38622B4A3F60017D0F3 /* StatusView.swift in Sources */ = {isa = PBXBuildFile; fileRef = E2AEB38522B4A3F60017D0F3 /* StatusView.swift */; };
		E2AEB38922B4A5120017D0F3 /* StatusView.xib in Resources */ = {isa = PBXBuildFile; fileRef = E2AEB38822B4A5120017D0F3 /* StatusView.xib */; };
		E2D746A522B5497E006AC0A4 /* WelcomeVC.swift in Sources */ = {isa = PBXBuildFile; fileRef = E2D746A422B5497E006AC0A4 /* WelcomeVC.swift */; };
		E2D746A722B54995006AC0A4 /* SchoolSelectVC.swift in Sources */ = {isa = PBXBuildFile; fileRef = E2D746A622B54995006AC0A4 /* SchoolSelectVC.swift */; };
		E2ECBEA322D2E2480064B59A /* QuarterSemesterVC.swift in Sources */ = {isa = PBXBuildFile; fileRef = E2ECBEA222D2E2470064B59A /* QuarterSemesterVC.swift */; };
		E2ECBEA522D432500064B59A /* SharedUnits.swift in Sources */ = {isa = PBXBuildFile; fileRef = E2ECBEA422D432500064B59A /* SharedUnits.swift */; };
		F6299FE7FDE2D45B7DEA3917 /* Pods_cpaCheckerTests.framework in Frameworks */ = {isa = PBXBuildFile; fileRef = 7CE547A30552B2156072C892 /* Pods_cpaCheckerTests.framework */; };
/* End PBXBuildFile section */

/* Begin PBXContainerItemProxy section */
		E2018CE5229DBFEA00973C97 /* PBXContainerItemProxy */ = {
			isa = PBXContainerItemProxy;
			containerPortal = E2018CC6229DBFE700973C97 /* Project object */;
			proxyType = 1;
			remoteGlobalIDString = E2018CCD229DBFE700973C97;
			remoteInfo = cpaChecker;
		};
		E2018CF0229DBFEA00973C97 /* PBXContainerItemProxy */ = {
			isa = PBXContainerItemProxy;
			containerPortal = E2018CC6229DBFE700973C97 /* Project object */;
			proxyType = 1;
			remoteGlobalIDString = E2018CCD229DBFE700973C97;
			remoteInfo = cpaChecker;
		};
/* End PBXContainerItemProxy section */

/* Begin PBXFileReference section */
		01A76E14916BF6D6E34D308C /* Pods-cpaCheckerTests.debug.xcconfig */ = {isa = PBXFileReference; includeInIndex = 1; lastKnownFileType = text.xcconfig; name = "Pods-cpaCheckerTests.debug.xcconfig"; path = "Target Support Files/Pods-cpaCheckerTests/Pods-cpaCheckerTests.debug.xcconfig"; sourceTree = "<group>"; };
		040CD0F0F6653AD262612392 /* Pods-cpaChecker.debug.xcconfig */ = {isa = PBXFileReference; includeInIndex = 1; lastKnownFileType = text.xcconfig; name = "Pods-cpaChecker.debug.xcconfig"; path = "Target Support Files/Pods-cpaChecker/Pods-cpaChecker.debug.xcconfig"; sourceTree = "<group>"; };
		208C3457246EE60ED9939923 /* Pods_cpaChecker.framework */ = {isa = PBXFileReference; explicitFileType = wrapper.framework; includeInIndex = 0; path = Pods_cpaChecker.framework; sourceTree = BUILT_PRODUCTS_DIR; };
		54DBB4B21E5253318EF0464A /* Pods_cpaCheckerUITests.framework */ = {isa = PBXFileReference; explicitFileType = wrapper.framework; includeInIndex = 0; path = Pods_cpaCheckerUITests.framework; sourceTree = BUILT_PRODUCTS_DIR; };
		7CE547A30552B2156072C892 /* Pods_cpaCheckerTests.framework */ = {isa = PBXFileReference; explicitFileType = wrapper.framework; includeInIndex = 0; path = Pods_cpaCheckerTests.framework; sourceTree = BUILT_PRODUCTS_DIR; };
		7EB0AF1893064B4C5729C3A0 /* Pods-cpaCheckerTests.release.xcconfig */ = {isa = PBXFileReference; includeInIndex = 1; lastKnownFileType = text.xcconfig; name = "Pods-cpaCheckerTests.release.xcconfig"; path = "Target Support Files/Pods-cpaCheckerTests/Pods-cpaCheckerTests.release.xcconfig"; sourceTree = "<group>"; };
		8D089E41B4AEEB7BAF900882 /* Pods-cpaCheckerUITests.release.xcconfig */ = {isa = PBXFileReference; includeInIndex = 1; lastKnownFileType = text.xcconfig; name = "Pods-cpaCheckerUITests.release.xcconfig"; path = "Target Support Files/Pods-cpaCheckerUITests/Pods-cpaCheckerUITests.release.xcconfig"; sourceTree = "<group>"; };
		A4E22325E3C5C4C3D820C122 /* Pods-cpaCheckerUITests.debug.xcconfig */ = {isa = PBXFileReference; includeInIndex = 1; lastKnownFileType = text.xcconfig; name = "Pods-cpaCheckerUITests.debug.xcconfig"; path = "Target Support Files/Pods-cpaCheckerUITests/Pods-cpaCheckerUITests.debug.xcconfig"; sourceTree = "<group>"; };
		E2018CCE229DBFE700973C97 /* cpaChecker.app */ = {isa = PBXFileReference; explicitFileType = wrapper.application; includeInIndex = 0; path = cpaChecker.app; sourceTree = BUILT_PRODUCTS_DIR; };
		E2018CD1229DBFE700973C97 /* AppDelegate.swift */ = {isa = PBXFileReference; lastKnownFileType = sourcecode.swift; path = AppDelegate.swift; sourceTree = "<group>"; };
		E2018CD3229DBFE700973C97 /* InstructionsVC.swift */ = {isa = PBXFileReference; lastKnownFileType = sourcecode.swift; path = InstructionsVC.swift; sourceTree = "<group>"; };
		E2018CD5229DBFE700973C97 /* ClassListSelectionVC.swift */ = {isa = PBXFileReference; lastKnownFileType = sourcecode.swift; path = ClassListSelectionVC.swift; sourceTree = "<group>"; };
		E2018CD8229DBFE700973C97 /* Base */ = {isa = PBXFileReference; lastKnownFileType = file.storyboard; name = Base; path = Base.lproj/Main.storyboard; sourceTree = "<group>"; };
		E2018CDA229DBFEA00973C97 /* Assets.xcassets */ = {isa = PBXFileReference; lastKnownFileType = folder.assetcatalog; path = Assets.xcassets; sourceTree = "<group>"; };
		E2018CDD229DBFEA00973C97 /* Base */ = {isa = PBXFileReference; lastKnownFileType = file.storyboard; name = Base; path = Base.lproj/LaunchScreen.storyboard; sourceTree = "<group>"; };
		E2018CDF229DBFEA00973C97 /* Info.plist */ = {isa = PBXFileReference; lastKnownFileType = text.plist.xml; path = Info.plist; sourceTree = "<group>"; };
		E2018CE4229DBFEA00973C97 /* cpaCheckerTests.xctest */ = {isa = PBXFileReference; explicitFileType = wrapper.cfbundle; includeInIndex = 0; path = cpaCheckerTests.xctest; sourceTree = BUILT_PRODUCTS_DIR; };
		E2018CE8229DBFEA00973C97 /* cpaCheckerTests.swift */ = {isa = PBXFileReference; lastKnownFileType = sourcecode.swift; path = cpaCheckerTests.swift; sourceTree = "<group>"; };
		E2018CEA229DBFEA00973C97 /* Info.plist */ = {isa = PBXFileReference; lastKnownFileType = text.plist.xml; path = Info.plist; sourceTree = "<group>"; };
		E2018CEF229DBFEA00973C97 /* cpaCheckerUITests.xctest */ = {isa = PBXFileReference; explicitFileType = wrapper.cfbundle; includeInIndex = 0; path = cpaCheckerUITests.xctest; sourceTree = BUILT_PRODUCTS_DIR; };
		E2018CF3229DBFEA00973C97 /* cpaCheckerUITests.swift */ = {isa = PBXFileReference; lastKnownFileType = sourcecode.swift; path = cpaCheckerUITests.swift; sourceTree = "<group>"; };
		E2018CF5229DBFEA00973C97 /* Info.plist */ = {isa = PBXFileReference; lastKnownFileType = text.plist.xml; path = Info.plist; sourceTree = "<group>"; };
		E2018D02229DC1A800973C97 /* Class.swift */ = {isa = PBXFileReference; lastKnownFileType = sourcecode.swift; path = Class.swift; sourceTree = "<group>"; };
		E2018D05229E247200973C97 /* ClassCell.swift */ = {isa = PBXFileReference; lastKnownFileType = sourcecode.swift; path = ClassCell.swift; sourceTree = "<group>"; };
		E2018D08229E2D5200973C97 /* ClassDetailVC.swift */ = {isa = PBXFileReference; lastKnownFileType = sourcecode.swift; path = ClassDetailVC.swift; sourceTree = "<group>"; };
		E207C87122AB6E3300BFDA24 /* RealmNewClass.swift */ = {isa = PBXFileReference; lastKnownFileType = sourcecode.swift; path = RealmNewClass.swift; sourceTree = "<group>"; };
		E207C87522AB825700BFDA24 /* SharedAllClasses.swift */ = {isa = PBXFileReference; lastKnownFileType = sourcecode.swift; path = SharedAllClasses.swift; sourceTree = "<group>"; };
		E20D1D0D22B1C69300B1AE68 /* PopUpVC.swift */ = {isa = PBXFileReference; lastKnownFileType = sourcecode.swift; path = PopUpVC.swift; sourceTree = "<group>"; };
		E21066A222E4329200D28D17 /* SelectedStatusCell.swift */ = {isa = PBXFileReference; lastKnownFileType = sourcecode.swift; path = SelectedStatusCell.swift; sourceTree = "<group>"; };
		E21066A422E4362400D28D17 /* Bool-Extension.swift */ = {isa = PBXFileReference; lastKnownFileType = sourcecode.swift; path = "Bool-Extension.swift"; sourceTree = "<group>"; };
		E2161FFA22F5F6430074A0DF /* UIViewController-Extension.swift */ = {isa = PBXFileReference; lastKnownFileType = sourcecode.swift; path = "UIViewController-Extension.swift"; sourceTree = "<group>"; };
		E2198A5A22A0B0F100B9D42F /* UnitEntryVC.swift */ = {isa = PBXFileReference; lastKnownFileType = sourcecode.swift; path = UnitEntryVC.swift; sourceTree = "<group>"; };
		E2198A5C22A1B36000B9D42F /* StatusVC.swift */ = {isa = PBXFileReference; lastKnownFileType = sourcecode.swift; path = StatusVC.swift; sourceTree = "<group>"; };
		E2198A5E22A1BBAB00B9D42F /* RealmClass.swift */ = {isa = PBXFileReference; lastKnownFileType = sourcecode.swift; path = RealmClass.swift; sourceTree = "<group>"; };
		E21B1DEF22E02E00007688B3 /* String-Extension.swift */ = {isa = PBXFileReference; lastKnownFileType = sourcecode.swift; path = "String-Extension.swift"; sourceTree = "<group>"; };
		E21B1DF222E02E42007688B3 /* UILabel.UIButton-Extension.swift */ = {isa = PBXFileReference; lastKnownFileType = sourcecode.swift; path = "UILabel.UIButton-Extension.swift"; sourceTree = "<group>"; };
		E21B1DF422E17A2A007688B3 /* UITextField-Extension.swift */ = {isa = PBXFileReference; lastKnownFileType = sourcecode.swift; path = "UITextField-Extension.swift"; sourceTree = "<group>"; };
		E21B1DF622E17F06007688B3 /* UIStackView-Extension.swift */ = {isa = PBXFileReference; lastKnownFileType = sourcecode.swift; path = "UIStackView-Extension.swift"; sourceTree = "<group>"; };
		E21B1DF822E18971007688B3 /* Messages.swift */ = {isa = PBXFileReference; lastKnownFileType = sourcecode.swift; path = Messages.swift; sourceTree = "<group>"; };
		E21B1DFA22E2BDFE007688B3 /* View-Extension.swift */ = {isa = PBXFileReference; lastKnownFileType = sourcecode.swift; path = "View-Extension.swift"; sourceTree = "<group>"; };
		E22AD16522EF7E4000CD6E44 /* StatusPopUpVC.swift */ = {isa = PBXFileReference; lastKnownFileType = sourcecode.swift; path = StatusPopUpVC.swift; sourceTree = "<group>"; };
		E22B3D9B22A251B3009DEF96 /* RealmUnits.swift */ = {isa = PBXFileReference; lastKnownFileType = sourcecode.swift; path = RealmUnits.swift; sourceTree = "<group>"; };
		E22B3E1922A496A7009DEF96 /* Result.swift */ = {isa = PBXFileReference; lastKnownFileType = sourcecode.swift; path = Result.swift; sourceTree = "<group>"; };
		E22B3E5722A63C87009DEF96 /* StatusCell.swift */ = {isa = PBXFileReference; lastKnownFileType = sourcecode.swift; path = StatusCell.swift; sourceTree = "<group>"; };
		E2508B2122C824D40092C978 /* cpa.db */ = {isa = PBXFileReference; lastKnownFileType = file; path = cpa.db; sourceTree = SOURCE_ROOT; };
		E2508B2522CA94720092C978 /* HelpVC.swift */ = {isa = PBXFileReference; lastKnownFileType = sourcecode.swift; path = HelpVC.swift; sourceTree = "<group>"; };
		E29CDEB422AF0EF500CD8DCE /* Colors.swift */ = {isa = PBXFileReference; lastKnownFileType = sourcecode.swift; path = Colors.swift; sourceTree = "<group>"; };
		E2AEB38522B4A3F60017D0F3 /* StatusView.swift */ = {isa = PBXFileReference; lastKnownFileType = sourcecode.swift; path = StatusView.swift; sourceTree = "<group>"; };
		E2AEB38822B4A5120017D0F3 /* StatusView.xib */ = {isa = PBXFileReference; lastKnownFileType = file.xib; path = StatusView.xib; sourceTree = "<group>"; };
		E2D746A422B5497E006AC0A4 /* WelcomeVC.swift */ = {isa = PBXFileReference; lastKnownFileType = sourcecode.swift; path = WelcomeVC.swift; sourceTree = "<group>"; };
		E2D746A622B54995006AC0A4 /* SchoolSelectVC.swift */ = {isa = PBXFileReference; lastKnownFileType = sourcecode.swift; path = SchoolSelectVC.swift; sourceTree = "<group>"; };
		E2ECBEA222D2E2470064B59A /* QuarterSemesterVC.swift */ = {isa = PBXFileReference; lastKnownFileType = sourcecode.swift; path = QuarterSemesterVC.swift; sourceTree = "<group>"; };
		E2ECBEA422D432500064B59A /* SharedUnits.swift */ = {isa = PBXFileReference; lastKnownFileType = sourcecode.swift; path = SharedUnits.swift; sourceTree = "<group>"; };
		ED1B3068C4EEF3A0F52F508A /* Pods-cpaChecker.release.xcconfig */ = {isa = PBXFileReference; includeInIndex = 1; lastKnownFileType = text.xcconfig; name = "Pods-cpaChecker.release.xcconfig"; path = "Target Support Files/Pods-cpaChecker/Pods-cpaChecker.release.xcconfig"; sourceTree = "<group>"; };
/* End PBXFileReference section */

/* Begin PBXFrameworksBuildPhase section */
		E2018CCB229DBFE700973C97 /* Frameworks */ = {
			isa = PBXFrameworksBuildPhase;
			buildActionMask = 2147483647;
			files = (
				87CAE00AAEFC20C63774ADCD /* Pods_cpaChecker.framework in Frameworks */,
			);
			runOnlyForDeploymentPostprocessing = 0;
		};
		E2018CE1229DBFEA00973C97 /* Frameworks */ = {
			isa = PBXFrameworksBuildPhase;
			buildActionMask = 2147483647;
			files = (
				F6299FE7FDE2D45B7DEA3917 /* Pods_cpaCheckerTests.framework in Frameworks */,
			);
			runOnlyForDeploymentPostprocessing = 0;
		};
		E2018CEC229DBFEA00973C97 /* Frameworks */ = {
			isa = PBXFrameworksBuildPhase;
			buildActionMask = 2147483647;
			files = (
				86323370D6A5A8D6319F5B57 /* Pods_cpaCheckerUITests.framework in Frameworks */,
			);
			runOnlyForDeploymentPostprocessing = 0;
		};
/* End PBXFrameworksBuildPhase section */

/* Begin PBXGroup section */
		1FD80B0B46FDBEF116F15923 /* Frameworks */ = {
			isa = PBXGroup;
			children = (
				208C3457246EE60ED9939923 /* Pods_cpaChecker.framework */,
				7CE547A30552B2156072C892 /* Pods_cpaCheckerTests.framework */,
				54DBB4B21E5253318EF0464A /* Pods_cpaCheckerUITests.framework */,
			);
			name = Frameworks;
			sourceTree = "<group>";
		};
		7BEF326808CE8B9EE76A0019 /* Pods */ = {
			isa = PBXGroup;
			children = (
				040CD0F0F6653AD262612392 /* Pods-cpaChecker.debug.xcconfig */,
				ED1B3068C4EEF3A0F52F508A /* Pods-cpaChecker.release.xcconfig */,
				01A76E14916BF6D6E34D308C /* Pods-cpaCheckerTests.debug.xcconfig */,
				7EB0AF1893064B4C5729C3A0 /* Pods-cpaCheckerTests.release.xcconfig */,
				A4E22325E3C5C4C3D820C122 /* Pods-cpaCheckerUITests.debug.xcconfig */,
				8D089E41B4AEEB7BAF900882 /* Pods-cpaCheckerUITests.release.xcconfig */,
			);
			path = Pods;
			sourceTree = "<group>";
		};
		E2018CC5229DBFE700973C97 = {
			isa = PBXGroup;
			children = (
				E2018CD0229DBFE700973C97 /* cpaChecker */,
				E2018CE7229DBFEA00973C97 /* cpaCheckerTests */,
				E2018CF2229DBFEA00973C97 /* cpaCheckerUITests */,
				E2018CCF229DBFE700973C97 /* Products */,
				7BEF326808CE8B9EE76A0019 /* Pods */,
				1FD80B0B46FDBEF116F15923 /* Frameworks */,
			);
			sourceTree = "<group>";
		};
		E2018CCF229DBFE700973C97 /* Products */ = {
			isa = PBXGroup;
			children = (
				E2018CCE229DBFE700973C97 /* cpaChecker.app */,
				E2018CE4229DBFEA00973C97 /* cpaCheckerTests.xctest */,
				E2018CEF229DBFEA00973C97 /* cpaCheckerUITests.xctest */,
			);
			name = Products;
			sourceTree = "<group>";
		};
		E2018CD0229DBFE700973C97 /* cpaChecker */ = {
			isa = PBXGroup;
			children = (
				E2018CD1229DBFE700973C97 /* AppDelegate.swift */,
				E2018D01229DC18C00973C97 /* View Controllers */,
				E2018CD7229DBFE700973C97 /* Main.storyboard */,
				E2018CDC229DBFEA00973C97 /* LaunchScreen.storyboard */,
				E2508B2122C824D40092C978 /* cpa.db */,
				E21B1DF122E02E14007688B3 /* Extensions */,
				E22B3E5922A63C91009DEF96 /* Cells */,
				E2018D04229DC1B100973C97 /* Classes */,
				E22AD16422EF56C900CD6E44 /* Views */,
				E2018CDA229DBFEA00973C97 /* Assets.xcassets */,
				E2018CDF229DBFEA00973C97 /* Info.plist */,
			);
			path = cpaChecker;
			sourceTree = "<group>";
		};
		E2018CE7229DBFEA00973C97 /* cpaCheckerTests */ = {
			isa = PBXGroup;
			children = (
				E2018CE8229DBFEA00973C97 /* cpaCheckerTests.swift */,
				E2018CEA229DBFEA00973C97 /* Info.plist */,
			);
			path = cpaCheckerTests;
			sourceTree = "<group>";
		};
		E2018CF2229DBFEA00973C97 /* cpaCheckerUITests */ = {
			isa = PBXGroup;
			children = (
				E2018CF3229DBFEA00973C97 /* cpaCheckerUITests.swift */,
				E2018CF5229DBFEA00973C97 /* Info.plist */,
			);
			path = cpaCheckerUITests;
			sourceTree = "<group>";
		};
		E2018D01229DC18C00973C97 /* View Controllers */ = {
			isa = PBXGroup;
			children = (
				E2018CD3229DBFE700973C97 /* InstructionsVC.swift */,
				E2018CD5229DBFE700973C97 /* ClassListSelectionVC.swift */,
				E2018D08229E2D5200973C97 /* ClassDetailVC.swift */,
				E2198A5A22A0B0F100B9D42F /* UnitEntryVC.swift */,
				E2198A5C22A1B36000B9D42F /* StatusVC.swift */,
				E2D746A422B5497E006AC0A4 /* WelcomeVC.swift */,
				E2D746A622B54995006AC0A4 /* SchoolSelectVC.swift */,
				E2508B2522CA94720092C978 /* HelpVC.swift */,
				E2ECBEA222D2E2470064B59A /* QuarterSemesterVC.swift */,
				E20D1D0D22B1C69300B1AE68 /* PopUpVC.swift */,
				E22AD16522EF7E4000CD6E44 /* StatusPopUpVC.swift */,
			);
			path = "View Controllers";
			sourceTree = "<group>";
		};
		E2018D04229DC1B100973C97 /* Classes */ = {
			isa = PBXGroup;
			children = (
				E2018D02229DC1A800973C97 /* Class.swift */,
				E207C87522AB825700BFDA24 /* SharedAllClasses.swift */,
				E2ECBEA422D432500064B59A /* SharedUnits.swift */,
				E22B3E1922A496A7009DEF96 /* Result.swift */,
				E2198A5E22A1BBAB00B9D42F /* RealmClass.swift */,
				E22B3D9B22A251B3009DEF96 /* RealmUnits.swift */,
				E207C87122AB6E3300BFDA24 /* RealmNewClass.swift */,
				E29CDEB422AF0EF500CD8DCE /* Colors.swift */,
				E21B1DF822E18971007688B3 /* Messages.swift */,
			);
			path = Classes;
			sourceTree = "<group>";
		};
		E21B1DF122E02E14007688B3 /* Extensions */ = {
			isa = PBXGroup;
			children = (
				E21B1DEF22E02E00007688B3 /* String-Extension.swift */,
				E21066A422E4362400D28D17 /* Bool-Extension.swift */,
				E21B1DF422E17A2A007688B3 /* UITextField-Extension.swift */,
				E21B1DF622E17F06007688B3 /* UIStackView-Extension.swift */,
				E21B1DF222E02E42007688B3 /* UILabel.UIButton-Extension.swift */,
				E21B1DFA22E2BDFE007688B3 /* View-Extension.swift */,
				E2161FFA22F5F6430074A0DF /* UIViewController-Extension.swift */,
			);
			path = Extensions;
			sourceTree = "<group>";
		};
		E22AD16422EF56C900CD6E44 /* Views */ = {
			isa = PBXGroup;
			children = (
				E2AEB38722B4A4ED0017D0F3 /* StatusView */,
			);
			path = Views;
			sourceTree = "<group>";
		};
		E22B3E5922A63C91009DEF96 /* Cells */ = {
			isa = PBXGroup;
			children = (
				E22B3E5722A63C87009DEF96 /* StatusCell.swift */,
				E21066A222E4329200D28D17 /* SelectedStatusCell.swift */,
				E2018D05229E247200973C97 /* ClassCell.swift */,
			);
			path = Cells;
			sourceTree = "<group>";
		};
		E2AEB38722B4A4ED0017D0F3 /* StatusView */ = {
			isa = PBXGroup;
			children = (
				E2AEB38522B4A3F60017D0F3 /* StatusView.swift */,
				E2AEB38822B4A5120017D0F3 /* StatusView.xib */,
			);
			path = StatusView;
			sourceTree = "<group>";
		};
/* End PBXGroup section */

/* Begin PBXNativeTarget section */
		E2018CCD229DBFE700973C97 /* cpaChecker */ = {
			isa = PBXNativeTarget;
			buildConfigurationList = E2018CF8229DBFEA00973C97 /* Build configuration list for PBXNativeTarget "cpaChecker" */;
			buildPhases = (
				6FD0CD1555B1C5CE753D9BFF /* [CP] Check Pods Manifest.lock */,
				E2018CCA229DBFE700973C97 /* Sources */,
				E2018CCB229DBFE700973C97 /* Frameworks */,
				E2018CCC229DBFE700973C97 /* Resources */,
				1C0A744D82D7F7DA49F22BF1 /* [CP] Embed Pods Frameworks */,
			);
			buildRules = (
			);
			dependencies = (
			);
			name = cpaChecker;
			productName = cpaChecker;
			productReference = E2018CCE229DBFE700973C97 /* cpaChecker.app */;
			productType = "com.apple.product-type.application";
		};
		E2018CE3229DBFEA00973C97 /* cpaCheckerTests */ = {
			isa = PBXNativeTarget;
			buildConfigurationList = E2018CFB229DBFEA00973C97 /* Build configuration list for PBXNativeTarget "cpaCheckerTests" */;
			buildPhases = (
				05282B512F6B5E25E75B3058 /* [CP] Check Pods Manifest.lock */,
				E2018CE0229DBFEA00973C97 /* Sources */,
				E2018CE1229DBFEA00973C97 /* Frameworks */,
				E2018CE2229DBFEA00973C97 /* Resources */,
			);
			buildRules = (
			);
			dependencies = (
				E2018CE6229DBFEA00973C97 /* PBXTargetDependency */,
			);
			name = cpaCheckerTests;
			productName = cpaCheckerTests;
			productReference = E2018CE4229DBFEA00973C97 /* cpaCheckerTests.xctest */;
			productType = "com.apple.product-type.bundle.unit-test";
		};
		E2018CEE229DBFEA00973C97 /* cpaCheckerUITests */ = {
			isa = PBXNativeTarget;
			buildConfigurationList = E2018CFE229DBFEA00973C97 /* Build configuration list for PBXNativeTarget "cpaCheckerUITests" */;
			buildPhases = (
				BF2BC36051A8069A79E1CA91 /* [CP] Check Pods Manifest.lock */,
				E2018CEB229DBFEA00973C97 /* Sources */,
				E2018CEC229DBFEA00973C97 /* Frameworks */,
				E2018CED229DBFEA00973C97 /* Resources */,
			);
			buildRules = (
			);
			dependencies = (
				E2018CF1229DBFEA00973C97 /* PBXTargetDependency */,
			);
			name = cpaCheckerUITests;
			productName = cpaCheckerUITests;
			productReference = E2018CEF229DBFEA00973C97 /* cpaCheckerUITests.xctest */;
			productType = "com.apple.product-type.bundle.ui-testing";
		};
/* End PBXNativeTarget section */

/* Begin PBXProject section */
		E2018CC6229DBFE700973C97 /* Project object */ = {
			isa = PBXProject;
			attributes = {
				LastSwiftUpdateCheck = 1020;
				LastUpgradeCheck = 1020;
				ORGANIZATIONNAME = "Steven Dito";
				TargetAttributes = {
					E2018CCD229DBFE700973C97 = {
						CreatedOnToolsVersion = 10.2.1;
					};
					E2018CE3229DBFEA00973C97 = {
						CreatedOnToolsVersion = 10.2.1;
						TestTargetID = E2018CCD229DBFE700973C97;
					};
					E2018CEE229DBFEA00973C97 = {
						CreatedOnToolsVersion = 10.2.1;
						TestTargetID = E2018CCD229DBFE700973C97;
					};
				};
			};
			buildConfigurationList = E2018CC9229DBFE700973C97 /* Build configuration list for PBXProject "cpaChecker" */;
			compatibilityVersion = "Xcode 9.3";
			developmentRegion = en;
			hasScannedForEncodings = 0;
			knownRegions = (
				en,
				Base,
			);
			mainGroup = E2018CC5229DBFE700973C97;
			productRefGroup = E2018CCF229DBFE700973C97 /* Products */;
			projectDirPath = "";
			projectRoot = "";
			targets = (
				E2018CCD229DBFE700973C97 /* cpaChecker */,
				E2018CE3229DBFEA00973C97 /* cpaCheckerTests */,
				E2018CEE229DBFEA00973C97 /* cpaCheckerUITests */,
			);
		};
/* End PBXProject section */

/* Begin PBXResourcesBuildPhase section */
		E2018CCC229DBFE700973C97 /* Resources */ = {
			isa = PBXResourcesBuildPhase;
			buildActionMask = 2147483647;
			files = (
				E2018CDE229DBFEA00973C97 /* LaunchScreen.storyboard in Resources */,
				E2018CDB229DBFEA00973C97 /* Assets.xcassets in Resources */,
				E2AEB38922B4A5120017D0F3 /* StatusView.xib in Resources */,
				E2508B2222C824D40092C978 /* cpa.db in Resources */,
				E2018CD9229DBFE700973C97 /* Main.storyboard in Resources */,
			);
			runOnlyForDeploymentPostprocessing = 0;
		};
		E2018CE2229DBFEA00973C97 /* Resources */ = {
			isa = PBXResourcesBuildPhase;
			buildActionMask = 2147483647;
			files = (
			);
			runOnlyForDeploymentPostprocessing = 0;
		};
		E2018CED229DBFEA00973C97 /* Resources */ = {
			isa = PBXResourcesBuildPhase;
			buildActionMask = 2147483647;
			files = (
			);
			runOnlyForDeploymentPostprocessing = 0;
		};
/* End PBXResourcesBuildPhase section */

/* Begin PBXShellScriptBuildPhase section */
		05282B512F6B5E25E75B3058 /* [CP] Check Pods Manifest.lock */ = {
			isa = PBXShellScriptBuildPhase;
			buildActionMask = 2147483647;
			files = (
			);
			inputFileListPaths = (
			);
			inputPaths = (
				"${PODS_PODFILE_DIR_PATH}/Podfile.lock",
				"${PODS_ROOT}/Manifest.lock",
			);
			name = "[CP] Check Pods Manifest.lock";
			outputFileListPaths = (
			);
			outputPaths = (
				"$(DERIVED_FILE_DIR)/Pods-cpaCheckerTests-checkManifestLockResult.txt",
			);
			runOnlyForDeploymentPostprocessing = 0;
			shellPath = /bin/sh;
			shellScript = "diff \"${PODS_PODFILE_DIR_PATH}/Podfile.lock\" \"${PODS_ROOT}/Manifest.lock\" > /dev/null\nif [ $? != 0 ] ; then\n    # print error to STDERR\n    echo \"error: The sandbox is not in sync with the Podfile.lock. Run 'pod install' or update your CocoaPods installation.\" >&2\n    exit 1\nfi\n# This output is used by Xcode 'outputs' to avoid re-running this script phase.\necho \"SUCCESS\" > \"${SCRIPT_OUTPUT_FILE_0}\"\n";
			showEnvVarsInLog = 0;
		};
		1C0A744D82D7F7DA49F22BF1 /* [CP] Embed Pods Frameworks */ = {
			isa = PBXShellScriptBuildPhase;
			buildActionMask = 2147483647;
			files = (
			);
			inputFileListPaths = (
				"${PODS_ROOT}/Target Support Files/Pods-cpaChecker/Pods-cpaChecker-frameworks-${CONFIGURATION}-input-files.xcfilelist",
			);
			name = "[CP] Embed Pods Frameworks";
			outputFileListPaths = (
				"${PODS_ROOT}/Target Support Files/Pods-cpaChecker/Pods-cpaChecker-frameworks-${CONFIGURATION}-output-files.xcfilelist",
			);
			runOnlyForDeploymentPostprocessing = 0;
			shellPath = /bin/sh;
			shellScript = "\"${PODS_ROOT}/Target Support Files/Pods-cpaChecker/Pods-cpaChecker-frameworks.sh\"\n";
			showEnvVarsInLog = 0;
		};
		6FD0CD1555B1C5CE753D9BFF /* [CP] Check Pods Manifest.lock */ = {
			isa = PBXShellScriptBuildPhase;
			buildActionMask = 2147483647;
			files = (
			);
			inputFileListPaths = (
			);
			inputPaths = (
				"${PODS_PODFILE_DIR_PATH}/Podfile.lock",
				"${PODS_ROOT}/Manifest.lock",
			);
			name = "[CP] Check Pods Manifest.lock";
			outputFileListPaths = (
			);
			outputPaths = (
				"$(DERIVED_FILE_DIR)/Pods-cpaChecker-checkManifestLockResult.txt",
			);
			runOnlyForDeploymentPostprocessing = 0;
			shellPath = /bin/sh;
			shellScript = "diff \"${PODS_PODFILE_DIR_PATH}/Podfile.lock\" \"${PODS_ROOT}/Manifest.lock\" > /dev/null\nif [ $? != 0 ] ; then\n    # print error to STDERR\n    echo \"error: The sandbox is not in sync with the Podfile.lock. Run 'pod install' or update your CocoaPods installation.\" >&2\n    exit 1\nfi\n# This output is used by Xcode 'outputs' to avoid re-running this script phase.\necho \"SUCCESS\" > \"${SCRIPT_OUTPUT_FILE_0}\"\n";
			showEnvVarsInLog = 0;
		};
		BF2BC36051A8069A79E1CA91 /* [CP] Check Pods Manifest.lock */ = {
			isa = PBXShellScriptBuildPhase;
			buildActionMask = 2147483647;
			files = (
			);
			inputFileListPaths = (
			);
			inputPaths = (
				"${PODS_PODFILE_DIR_PATH}/Podfile.lock",
				"${PODS_ROOT}/Manifest.lock",
			);
			name = "[CP] Check Pods Manifest.lock";
			outputFileListPaths = (
			);
			outputPaths = (
				"$(DERIVED_FILE_DIR)/Pods-cpaCheckerUITests-checkManifestLockResult.txt",
			);
			runOnlyForDeploymentPostprocessing = 0;
			shellPath = /bin/sh;
			shellScript = "diff \"${PODS_PODFILE_DIR_PATH}/Podfile.lock\" \"${PODS_ROOT}/Manifest.lock\" > /dev/null\nif [ $? != 0 ] ; then\n    # print error to STDERR\n    echo \"error: The sandbox is not in sync with the Podfile.lock. Run 'pod install' or update your CocoaPods installation.\" >&2\n    exit 1\nfi\n# This output is used by Xcode 'outputs' to avoid re-running this script phase.\necho \"SUCCESS\" > \"${SCRIPT_OUTPUT_FILE_0}\"\n";
			showEnvVarsInLog = 0;
		};
/* End PBXShellScriptBuildPhase section */

/* Begin PBXSourcesBuildPhase section */
		E2018CCA229DBFE700973C97 /* Sources */ = {
			isa = PBXSourcesBuildPhase;
			buildActionMask = 2147483647;
			files = (
				E2D746A722B54995006AC0A4 /* SchoolSelectVC.swift in Sources */,
				E2018D03229DC1A800973C97 /* Class.swift in Sources */,
				E20D1D0E22B1C69300B1AE68 /* PopUpVC.swift in Sources */,
				E2AEB38622B4A3F60017D0F3 /* StatusView.swift in Sources */,
				E2161FFB22F5F6430074A0DF /* UIViewController-Extension.swift in Sources */,
				E2018CD6229DBFE700973C97 /* ClassListSelectionVC.swift in Sources */,
				E21B1DF722E17F06007688B3 /* UIStackView-Extension.swift in Sources */,
				E2198A5D22A1B36000B9D42F /* StatusVC.swift in Sources */,
				E2D746A522B5497E006AC0A4 /* WelcomeVC.swift in Sources */,
				E21066A322E4329200D28D17 /* SelectedStatusCell.swift in Sources */,
				E21066A522E4362400D28D17 /* Bool-Extension.swift in Sources */,
				E29CDEB522AF0EF500CD8DCE /* Colors.swift in Sources */,
				E207C87222AB6E3300BFDA24 /* RealmNewClass.swift in Sources */,
				E21B1DF922E18971007688B3 /* Messages.swift in Sources */,
				E2018D09229E2D5200973C97 /* ClassDetailVC.swift in Sources */,
				E2018CD2229DBFE700973C97 /* AppDelegate.swift in Sources */,
				E22B3E5822A63C87009DEF96 /* StatusCell.swift in Sources */,
				E22B3E1A22A496A7009DEF96 /* Result.swift in Sources */,
				E21B1DF322E02E42007688B3 /* UILabel.UIButton-Extension.swift in Sources */,
				E2018CD4229DBFE700973C97 /* InstructionsVC.swift in Sources */,
				E2508B2622CA94720092C978 /* HelpVC.swift in Sources */,
				E22AD16622EF7E4000CD6E44 /* StatusPopUpVC.swift in Sources */,
				E2198A5B22A0B0F100B9D42F /* UnitEntryVC.swift in Sources */,
				E2ECBEA322D2E2480064B59A /* QuarterSemesterVC.swift in Sources */,
				E22B3D9C22A251B3009DEF96 /* RealmUnits.swift in Sources */,
				E2ECBEA522D432500064B59A /* SharedUnits.swift in Sources */,
				E21B1DF022E02E00007688B3 /* String-Extension.swift in Sources */,
				E2198A5F22A1BBAB00B9D42F /* RealmClass.swift in Sources */,
				E21B1DFB22E2BDFE007688B3 /* View-Extension.swift in Sources */,
				E21B1DF522E17A2A007688B3 /* UITextField-Extension.swift in Sources */,
				E2018D06229E247200973C97 /* ClassCell.swift in Sources */,
				E207C87622AB825700BFDA24 /* SharedAllClasses.swift in Sources */,
			);
			runOnlyForDeploymentPostprocessing = 0;
		};
		E2018CE0229DBFEA00973C97 /* Sources */ = {
			isa = PBXSourcesBuildPhase;
			buildActionMask = 2147483647;
			files = (
				E2018CE9229DBFEA00973C97 /* cpaCheckerTests.swift in Sources */,
			);
			runOnlyForDeploymentPostprocessing = 0;
		};
		E2018CEB229DBFEA00973C97 /* Sources */ = {
			isa = PBXSourcesBuildPhase;
			buildActionMask = 2147483647;
			files = (
				E2018CF4229DBFEA00973C97 /* cpaCheckerUITests.swift in Sources */,
			);
			runOnlyForDeploymentPostprocessing = 0;
		};
/* End PBXSourcesBuildPhase section */

/* Begin PBXTargetDependency section */
		E2018CE6229DBFEA00973C97 /* PBXTargetDependency */ = {
			isa = PBXTargetDependency;
			target = E2018CCD229DBFE700973C97 /* cpaChecker */;
			targetProxy = E2018CE5229DBFEA00973C97 /* PBXContainerItemProxy */;
		};
		E2018CF1229DBFEA00973C97 /* PBXTargetDependency */ = {
			isa = PBXTargetDependency;
			target = E2018CCD229DBFE700973C97 /* cpaChecker */;
			targetProxy = E2018CF0229DBFEA00973C97 /* PBXContainerItemProxy */;
		};
/* End PBXTargetDependency section */

/* Begin PBXVariantGroup section */
		E2018CD7229DBFE700973C97 /* Main.storyboard */ = {
			isa = PBXVariantGroup;
			children = (
				E2018CD8229DBFE700973C97 /* Base */,
			);
			name = Main.storyboard;
			sourceTree = "<group>";
		};
		E2018CDC229DBFEA00973C97 /* LaunchScreen.storyboard */ = {
			isa = PBXVariantGroup;
			children = (
				E2018CDD229DBFEA00973C97 /* Base */,
			);
			name = LaunchScreen.storyboard;
			sourceTree = "<group>";
		};
/* End PBXVariantGroup section */

/* Begin XCBuildConfiguration section */
		E2018CF6229DBFEA00973C97 /* Debug */ = {
			isa = XCBuildConfiguration;
			buildSettings = {
				ALWAYS_SEARCH_USER_PATHS = NO;
				CLANG_ANALYZER_NONNULL = YES;
				CLANG_ANALYZER_NUMBER_OBJECT_CONVERSION = YES_AGGRESSIVE;
				CLANG_CXX_LANGUAGE_STANDARD = "gnu++14";
				CLANG_CXX_LIBRARY = "libc++";
				CLANG_ENABLE_MODULES = YES;
				CLANG_ENABLE_OBJC_ARC = YES;
				CLANG_ENABLE_OBJC_WEAK = YES;
				CLANG_WARN_BLOCK_CAPTURE_AUTORELEASING = YES;
				CLANG_WARN_BOOL_CONVERSION = YES;
				CLANG_WARN_COMMA = YES;
				CLANG_WARN_CONSTANT_CONVERSION = YES;
				CLANG_WARN_DEPRECATED_OBJC_IMPLEMENTATIONS = YES;
				CLANG_WARN_DIRECT_OBJC_ISA_USAGE = YES_ERROR;
				CLANG_WARN_DOCUMENTATION_COMMENTS = YES;
				CLANG_WARN_EMPTY_BODY = YES;
				CLANG_WARN_ENUM_CONVERSION = YES;
				CLANG_WARN_INFINITE_RECURSION = YES;
				CLANG_WARN_INT_CONVERSION = YES;
				CLANG_WARN_NON_LITERAL_NULL_CONVERSION = YES;
				CLANG_WARN_OBJC_IMPLICIT_RETAIN_SELF = YES;
				CLANG_WARN_OBJC_LITERAL_CONVERSION = YES;
				CLANG_WARN_OBJC_ROOT_CLASS = YES_ERROR;
				CLANG_WARN_RANGE_LOOP_ANALYSIS = YES;
				CLANG_WARN_STRICT_PROTOTYPES = YES;
				CLANG_WARN_SUSPICIOUS_MOVE = YES;
				CLANG_WARN_UNGUARDED_AVAILABILITY = YES_AGGRESSIVE;
				CLANG_WARN_UNREACHABLE_CODE = YES;
				CLANG_WARN__DUPLICATE_METHOD_MATCH = YES;
				CODE_SIGN_IDENTITY = "iPhone Developer";
				COPY_PHASE_STRIP = NO;
				DEBUG_INFORMATION_FORMAT = dwarf;
				ENABLE_STRICT_OBJC_MSGSEND = YES;
				ENABLE_TESTABILITY = YES;
				GCC_C_LANGUAGE_STANDARD = gnu11;
				GCC_DYNAMIC_NO_PIC = NO;
				GCC_NO_COMMON_BLOCKS = YES;
				GCC_OPTIMIZATION_LEVEL = 0;
				GCC_PREPROCESSOR_DEFINITIONS = (
					"DEBUG=1",
					"$(inherited)",
				);
				GCC_WARN_64_TO_32_BIT_CONVERSION = YES;
				GCC_WARN_ABOUT_RETURN_TYPE = YES_ERROR;
				GCC_WARN_UNDECLARED_SELECTOR = YES;
				GCC_WARN_UNINITIALIZED_AUTOS = YES_AGGRESSIVE;
				GCC_WARN_UNUSED_FUNCTION = YES;
				GCC_WARN_UNUSED_VARIABLE = YES;
				IPHONEOS_DEPLOYMENT_TARGET = 12.2;
				MTL_ENABLE_DEBUG_INFO = INCLUDE_SOURCE;
				MTL_FAST_MATH = YES;
				ONLY_ACTIVE_ARCH = YES;
				SDKROOT = iphoneos;
				SWIFT_ACTIVE_COMPILATION_CONDITIONS = DEBUG;
				SWIFT_OPTIMIZATION_LEVEL = "-Onone";
			};
			name = Debug;
		};
		E2018CF7229DBFEA00973C97 /* Release */ = {
			isa = XCBuildConfiguration;
			buildSettings = {
				ALWAYS_SEARCH_USER_PATHS = NO;
				CLANG_ANALYZER_NONNULL = YES;
				CLANG_ANALYZER_NUMBER_OBJECT_CONVERSION = YES_AGGRESSIVE;
				CLANG_CXX_LANGUAGE_STANDARD = "gnu++14";
				CLANG_CXX_LIBRARY = "libc++";
				CLANG_ENABLE_MODULES = YES;
				CLANG_ENABLE_OBJC_ARC = YES;
				CLANG_ENABLE_OBJC_WEAK = YES;
				CLANG_WARN_BLOCK_CAPTURE_AUTORELEASING = YES;
				CLANG_WARN_BOOL_CONVERSION = YES;
				CLANG_WARN_COMMA = YES;
				CLANG_WARN_CONSTANT_CONVERSION = YES;
				CLANG_WARN_DEPRECATED_OBJC_IMPLEMENTATIONS = YES;
				CLANG_WARN_DIRECT_OBJC_ISA_USAGE = YES_ERROR;
				CLANG_WARN_DOCUMENTATION_COMMENTS = YES;
				CLANG_WARN_EMPTY_BODY = YES;
				CLANG_WARN_ENUM_CONVERSION = YES;
				CLANG_WARN_INFINITE_RECURSION = YES;
				CLANG_WARN_INT_CONVERSION = YES;
				CLANG_WARN_NON_LITERAL_NULL_CONVERSION = YES;
				CLANG_WARN_OBJC_IMPLICIT_RETAIN_SELF = YES;
				CLANG_WARN_OBJC_LITERAL_CONVERSION = YES;
				CLANG_WARN_OBJC_ROOT_CLASS = YES_ERROR;
				CLANG_WARN_RANGE_LOOP_ANALYSIS = YES;
				CLANG_WARN_STRICT_PROTOTYPES = YES;
				CLANG_WARN_SUSPICIOUS_MOVE = YES;
				CLANG_WARN_UNGUARDED_AVAILABILITY = YES_AGGRESSIVE;
				CLANG_WARN_UNREACHABLE_CODE = YES;
				CLANG_WARN__DUPLICATE_METHOD_MATCH = YES;
				CODE_SIGN_IDENTITY = "iPhone Developer";
				COPY_PHASE_STRIP = NO;
				DEBUG_INFORMATION_FORMAT = "dwarf-with-dsym";
				ENABLE_NS_ASSERTIONS = NO;
				ENABLE_STRICT_OBJC_MSGSEND = YES;
				GCC_C_LANGUAGE_STANDARD = gnu11;
				GCC_NO_COMMON_BLOCKS = YES;
				GCC_WARN_64_TO_32_BIT_CONVERSION = YES;
				GCC_WARN_ABOUT_RETURN_TYPE = YES_ERROR;
				GCC_WARN_UNDECLARED_SELECTOR = YES;
				GCC_WARN_UNINITIALIZED_AUTOS = YES_AGGRESSIVE;
				GCC_WARN_UNUSED_FUNCTION = YES;
				GCC_WARN_UNUSED_VARIABLE = YES;
				IPHONEOS_DEPLOYMENT_TARGET = 12.2;
				MTL_ENABLE_DEBUG_INFO = NO;
				MTL_FAST_MATH = YES;
				SDKROOT = iphoneos;
				SWIFT_COMPILATION_MODE = wholemodule;
				SWIFT_OPTIMIZATION_LEVEL = "-O";
				VALIDATE_PRODUCT = YES;
			};
			name = Release;
		};
		E2018CF9229DBFEA00973C97 /* Debug */ = {
			isa = XCBuildConfiguration;
			baseConfigurationReference = 040CD0F0F6653AD262612392 /* Pods-cpaChecker.debug.xcconfig */;
			buildSettings = {
				ASSETCATALOG_COMPILER_APPICON_NAME = AppIcon;
				CODE_SIGN_STYLE = Automatic;
				DEVELOPMENT_TEAM = XVWYN7L6Y8;
				INFOPLIST_FILE = cpaChecker/Info.plist;
				LD_RUNPATH_SEARCH_PATHS = (
					"$(inherited)",
					"@executable_path/Frameworks",
				);
				MARKETING_VERSION = 1.2.1;
				PRODUCT_BUNDLE_IDENTIFIER = SDito.cpaChecker;
				PRODUCT_NAME = "$(TARGET_NAME)";
				SWIFT_VERSION = 5.0;
				TARGETED_DEVICE_FAMILY = 1;
			};
			name = Debug;
		};
		E2018CFA229DBFEA00973C97 /* Release */ = {
			isa = XCBuildConfiguration;
			baseConfigurationReference = ED1B3068C4EEF3A0F52F508A /* Pods-cpaChecker.release.xcconfig */;
			buildSettings = {
				ASSETCATALOG_COMPILER_APPICON_NAME = AppIcon;
				CODE_SIGN_STYLE = Automatic;
				DEVELOPMENT_TEAM = XVWYN7L6Y8;
				INFOPLIST_FILE = cpaChecker/Info.plist;
				LD_RUNPATH_SEARCH_PATHS = (
					"$(inherited)",
					"@executable_path/Frameworks",
				);
				MARKETING_VERSION = 1.2.1;
				PRODUCT_BUNDLE_IDENTIFIER = SDito.cpaChecker;
				PRODUCT_NAME = "$(TARGET_NAME)";
				SWIFT_VERSION = 5.0;
				TARGETED_DEVICE_FAMILY = 1;
			};
			name = Release;
		};
		E2018CFC229DBFEA00973C97 /* Debug */ = {
			isa = XCBuildConfiguration;
			baseConfigurationReference = 01A76E14916BF6D6E34D308C /* Pods-cpaCheckerTests.debug.xcconfig */;
			buildSettings = {
				ALWAYS_EMBED_SWIFT_STANDARD_LIBRARIES = YES;
				BUNDLE_LOADER = "$(TEST_HOST)";
				CODE_SIGN_STYLE = Automatic;
				INFOPLIST_FILE = cpaCheckerTests/Info.plist;
				LD_RUNPATH_SEARCH_PATHS = (
					"$(inherited)",
					"@executable_path/Frameworks",
					"@loader_path/Frameworks",
				);
				PRODUCT_BUNDLE_IDENTIFIER = SDito.cpaCheckerTests;
				PRODUCT_NAME = "$(TARGET_NAME)";
				SWIFT_VERSION = 5.0;
				TARGETED_DEVICE_FAMILY = "1,2";
				TEST_HOST = "$(BUILT_PRODUCTS_DIR)/cpaChecker.app/cpaChecker";
			};
			name = Debug;
		};
		E2018CFD229DBFEA00973C97 /* Release */ = {
			isa = XCBuildConfiguration;
			baseConfigurationReference = 7EB0AF1893064B4C5729C3A0 /* Pods-cpaCheckerTests.release.xcconfig */;
			buildSettings = {
				ALWAYS_EMBED_SWIFT_STANDARD_LIBRARIES = YES;
				BUNDLE_LOADER = "$(TEST_HOST)";
				CODE_SIGN_STYLE = Automatic;
				INFOPLIST_FILE = cpaCheckerTests/Info.plist;
				LD_RUNPATH_SEARCH_PATHS = (
					"$(inherited)",
					"@executable_path/Frameworks",
					"@loader_path/Frameworks",
				);
				PRODUCT_BUNDLE_IDENTIFIER = SDito.cpaCheckerTests;
				PRODUCT_NAME = "$(TARGET_NAME)";
				SWIFT_VERSION = 5.0;
				TARGETED_DEVICE_FAMILY = "1,2";
				TEST_HOST = "$(BUILT_PRODUCTS_DIR)/cpaChecker.app/cpaChecker";
			};
			name = Release;
		};
		E2018CFF229DBFEA00973C97 /* Debug */ = {
			isa = XCBuildConfiguration;
			baseConfigurationReference = A4E22325E3C5C4C3D820C122 /* Pods-cpaCheckerUITests.debug.xcconfig */;
			buildSettings = {
				ALWAYS_EMBED_SWIFT_STANDARD_LIBRARIES = YES;
				CODE_SIGN_STYLE = Automatic;
				INFOPLIST_FILE = cpaCheckerUITests/Info.plist;
				LD_RUNPATH_SEARCH_PATHS = (
					"$(inherited)",
					"@executable_path/Frameworks",
					"@loader_path/Frameworks",
				);
				PRODUCT_BUNDLE_IDENTIFIER = SDito.cpaCheckerUITests;
				PRODUCT_NAME = "$(TARGET_NAME)";
				SWIFT_VERSION = 5.0;
				TARGETED_DEVICE_FAMILY = "1,2";
				TEST_TARGET_NAME = cpaChecker;
			};
			name = Debug;
		};
		E2018D00229DBFEA00973C97 /* Release */ = {
			isa = XCBuildConfiguration;
			baseConfigurationReference = 8D089E41B4AEEB7BAF900882 /* Pods-cpaCheckerUITests.release.xcconfig */;
			buildSettings = {
				ALWAYS_EMBED_SWIFT_STANDARD_LIBRARIES = YES;
				CODE_SIGN_STYLE = Automatic;
				INFOPLIST_FILE = cpaCheckerUITests/Info.plist;
				LD_RUNPATH_SEARCH_PATHS = (
					"$(inherited)",
					"@executable_path/Frameworks",
					"@loader_path/Frameworks",
				);
				PRODUCT_BUNDLE_IDENTIFIER = SDito.cpaCheckerUITests;
				PRODUCT_NAME = "$(TARGET_NAME)";
				SWIFT_VERSION = 5.0;
				TARGETED_DEVICE_FAMILY = "1,2";
				TEST_TARGET_NAME = cpaChecker;
			};
			name = Release;
		};
/* End XCBuildConfiguration section */

/* Begin XCConfigurationList section */
		E2018CC9229DBFE700973C97 /* Build configuration list for PBXProject "cpaChecker" */ = {
			isa = XCConfigurationList;
			buildConfigurations = (
				E2018CF6229DBFEA00973C97 /* Debug */,
				E2018CF7229DBFEA00973C97 /* Release */,
			);
			defaultConfigurationIsVisible = 0;
			defaultConfigurationName = Release;
		};
		E2018CF8229DBFEA00973C97 /* Build configuration list for PBXNativeTarget "cpaChecker" */ = {
			isa = XCConfigurationList;
			buildConfigurations = (
				E2018CF9229DBFEA00973C97 /* Debug */,
				E2018CFA229DBFEA00973C97 /* Release */,
			);
			defaultConfigurationIsVisible = 0;
			defaultConfigurationName = Release;
		};
		E2018CFB229DBFEA00973C97 /* Build configuration list for PBXNativeTarget "cpaCheckerTests" */ = {
			isa = XCConfigurationList;
			buildConfigurations = (
				E2018CFC229DBFEA00973C97 /* Debug */,
				E2018CFD229DBFEA00973C97 /* Release */,
			);
			defaultConfigurationIsVisible = 0;
			defaultConfigurationName = Release;
		};
		E2018CFE229DBFEA00973C97 /* Build configuration list for PBXNativeTarget "cpaCheckerUITests" */ = {
			isa = XCConfigurationList;
			buildConfigurations = (
				E2018CFF229DBFEA00973C97 /* Debug */,
				E2018D00229DBFEA00973C97 /* Release */,
			);
			defaultConfigurationIsVisible = 0;
			defaultConfigurationName = Release;
		};
/* End XCConfigurationList section */
	};
	rootObject = E2018CC6229DBFE700973C97 /* Project object */;
}
